// !$*UTF8*$!
{
	archiveVersion = 1;
	classes = {
	};
	objectVersion = 46;
	objects = {

/* Begin PBXBuildFile section */
		40C5A9791DA89B870040BBD7 /* AppDelegate.swift in Sources */ = {isa = PBXBuildFile; fileRef = 40C5A9781DA89B870040BBD7 /* AppDelegate.swift */; };
		40C5A97B1DA89B870040BBD7 /* ViewController.swift in Sources */ = {isa = PBXBuildFile; fileRef = 40C5A97A1DA89B870040BBD7 /* ViewController.swift */; };
		40C5A97E1DA89B870040BBD7 /* Main.storyboard in Resources */ = {isa = PBXBuildFile; fileRef = 40C5A97C1DA89B870040BBD7 /* Main.storyboard */; };
		40C5A9801DA89B870040BBD7 /* Assets.xcassets in Resources */ = {isa = PBXBuildFile; fileRef = 40C5A97F1DA89B870040BBD7 /* Assets.xcassets */; };
		40C5A9831DA89B870040BBD7 /* LaunchScreen.storyboard in Resources */ = {isa = PBXBuildFile; fileRef = 40C5A9811DA89B870040BBD7 /* LaunchScreen.storyboard */; };
		40C5A98E1DA89D460040BBD7 /* CustomSearchView.swift in Sources */ = {isa = PBXBuildFile; fileRef = 40C5A98D1DA89D460040BBD7 /* CustomSearchView.swift */; };
		40C5A9B21DA8CE090040BBD7 /* Constraint.swift in Sources */ = {isa = PBXBuildFile; fileRef = 40C5A9911DA8CE090040BBD7 /* Constraint.swift */; };
		40C5A9B31DA8CE090040BBD7 /* ConstraintAttributes.swift in Sources */ = {isa = PBXBuildFile; fileRef = 40C5A9921DA8CE090040BBD7 /* ConstraintAttributes.swift */; };
		40C5A9B41DA8CE090040BBD7 /* ConstraintConfig.swift in Sources */ = {isa = PBXBuildFile; fileRef = 40C5A9931DA8CE090040BBD7 /* ConstraintConfig.swift */; };
		40C5A9B51DA8CE090040BBD7 /* ConstraintConstantTarget.swift in Sources */ = {isa = PBXBuildFile; fileRef = 40C5A9941DA8CE090040BBD7 /* ConstraintConstantTarget.swift */; };
		40C5A9B61DA8CE090040BBD7 /* ConstraintDescription.swift in Sources */ = {isa = PBXBuildFile; fileRef = 40C5A9951DA8CE090040BBD7 /* ConstraintDescription.swift */; };
		40C5A9B71DA8CE090040BBD7 /* ConstraintDSL.swift in Sources */ = {isa = PBXBuildFile; fileRef = 40C5A9961DA8CE090040BBD7 /* ConstraintDSL.swift */; };
		40C5A9B81DA8CE090040BBD7 /* ConstraintInsets.swift in Sources */ = {isa = PBXBuildFile; fileRef = 40C5A9971DA8CE090040BBD7 /* ConstraintInsets.swift */; };
		40C5A9B91DA8CE090040BBD7 /* ConstraintInsetTarget.swift in Sources */ = {isa = PBXBuildFile; fileRef = 40C5A9981DA8CE090040BBD7 /* ConstraintInsetTarget.swift */; };
		40C5A9BA1DA8CE090040BBD7 /* ConstraintItem.swift in Sources */ = {isa = PBXBuildFile; fileRef = 40C5A9991DA8CE090040BBD7 /* ConstraintItem.swift */; };
		40C5A9BB1DA8CE090040BBD7 /* ConstraintLayoutGuide.swift in Sources */ = {isa = PBXBuildFile; fileRef = 40C5A99A1DA8CE090040BBD7 /* ConstraintLayoutGuide.swift */; };
		40C5A9BC1DA8CE090040BBD7 /* ConstraintLayoutGuideDSL.swift in Sources */ = {isa = PBXBuildFile; fileRef = 40C5A99B1DA8CE090040BBD7 /* ConstraintLayoutGuideDSL.swift */; };
		40C5A9BD1DA8CE090040BBD7 /* ConstraintLayoutSupport.swift in Sources */ = {isa = PBXBuildFile; fileRef = 40C5A99C1DA8CE090040BBD7 /* ConstraintLayoutSupport.swift */; };
		40C5A9BE1DA8CE090040BBD7 /* ConstraintLayoutSupportDSL.swift in Sources */ = {isa = PBXBuildFile; fileRef = 40C5A99D1DA8CE090040BBD7 /* ConstraintLayoutSupportDSL.swift */; };
		40C5A9BF1DA8CE090040BBD7 /* ConstraintMaker.swift in Sources */ = {isa = PBXBuildFile; fileRef = 40C5A99E1DA8CE090040BBD7 /* ConstraintMaker.swift */; };
		40C5A9C01DA8CE090040BBD7 /* ConstraintMakerEditable.swift in Sources */ = {isa = PBXBuildFile; fileRef = 40C5A99F1DA8CE090040BBD7 /* ConstraintMakerEditable.swift */; };
		40C5A9C11DA8CE090040BBD7 /* ConstraintMakerExtendable.swift in Sources */ = {isa = PBXBuildFile; fileRef = 40C5A9A01DA8CE090040BBD7 /* ConstraintMakerExtendable.swift */; };
		40C5A9C21DA8CE090040BBD7 /* ConstraintMakerFinalizable.swift in Sources */ = {isa = PBXBuildFile; fileRef = 40C5A9A11DA8CE090040BBD7 /* ConstraintMakerFinalizable.swift */; };
		40C5A9C31DA8CE090040BBD7 /* ConstraintMakerPriortizable.swift in Sources */ = {isa = PBXBuildFile; fileRef = 40C5A9A21DA8CE090040BBD7 /* ConstraintMakerPriortizable.swift */; };
		40C5A9C41DA8CE090040BBD7 /* ConstraintMakerRelatable.swift in Sources */ = {isa = PBXBuildFile; fileRef = 40C5A9A31DA8CE090040BBD7 /* ConstraintMakerRelatable.swift */; };
		40C5A9C51DA8CE090040BBD7 /* ConstraintMultiplierTarget.swift in Sources */ = {isa = PBXBuildFile; fileRef = 40C5A9A41DA8CE090040BBD7 /* ConstraintMultiplierTarget.swift */; };
		40C5A9C61DA8CE090040BBD7 /* ConstraintOffsetTarget.swift in Sources */ = {isa = PBXBuildFile; fileRef = 40C5A9A51DA8CE090040BBD7 /* ConstraintOffsetTarget.swift */; };
		40C5A9C71DA8CE090040BBD7 /* ConstraintPriorityTarget.swift in Sources */ = {isa = PBXBuildFile; fileRef = 40C5A9A61DA8CE090040BBD7 /* ConstraintPriorityTarget.swift */; };
		40C5A9C81DA8CE090040BBD7 /* ConstraintRelatableTarget.swift in Sources */ = {isa = PBXBuildFile; fileRef = 40C5A9A71DA8CE090040BBD7 /* ConstraintRelatableTarget.swift */; };
		40C5A9C91DA8CE090040BBD7 /* ConstraintRelation.swift in Sources */ = {isa = PBXBuildFile; fileRef = 40C5A9A81DA8CE090040BBD7 /* ConstraintRelation.swift */; };
		40C5A9CA1DA8CE090040BBD7 /* ConstraintView+Extensions.swift in Sources */ = {isa = PBXBuildFile; fileRef = 40C5A9A91DA8CE090040BBD7 /* ConstraintView+Extensions.swift */; };
		40C5A9CB1DA8CE090040BBD7 /* ConstraintView.swift in Sources */ = {isa = PBXBuildFile; fileRef = 40C5A9AA1DA8CE090040BBD7 /* ConstraintView.swift */; };
		40C5A9CC1DA8CE090040BBD7 /* ConstraintViewDSL.swift in Sources */ = {isa = PBXBuildFile; fileRef = 40C5A9AB1DA8CE090040BBD7 /* ConstraintViewDSL.swift */; };
		40C5A9CD1DA8CE090040BBD7 /* Debugging.swift in Sources */ = {isa = PBXBuildFile; fileRef = 40C5A9AC1DA8CE090040BBD7 /* Debugging.swift */; };
		40C5A9CE1DA8CE090040BBD7 /* Info.plist in Resources */ = {isa = PBXBuildFile; fileRef = 40C5A9AD1DA8CE090040BBD7 /* Info.plist */; };
		40C5A9CF1DA8CE090040BBD7 /* LayoutConstraint.swift in Sources */ = {isa = PBXBuildFile; fileRef = 40C5A9AE1DA8CE090040BBD7 /* LayoutConstraint.swift */; };
		40C5A9D01DA8CE090040BBD7 /* UILayoutGuide+Extensions.swift in Sources */ = {isa = PBXBuildFile; fileRef = 40C5A9B01DA8CE090040BBD7 /* UILayoutGuide+Extensions.swift */; };
		40C5A9D11DA8CE090040BBD7 /* UILayoutSupport+Extensions.swift in Sources */ = {isa = PBXBuildFile; fileRef = 40C5A9B11DA8CE090040BBD7 /* UILayoutSupport+Extensions.swift */; };
		40CC8ECB1DAA1B9A003ECB1C /* searchBar@2x.png in Resources */ = {isa = PBXBuildFile; fileRef = 40CC8EC91DAA1B9A003ECB1C /* searchBar@2x.png */; };
		40CC8ECC1DAA1B9A003ECB1C /* searchBar@3x.png in Resources */ = {isa = PBXBuildFile; fileRef = 40CC8ECA1DAA1B9A003ECB1C /* searchBar@3x.png */; };
/* End PBXBuildFile section */

/* Begin PBXFileReference section */
		40C5A9751DA89B870040BBD7 /* MultiSection_SearchBar.app */ = {isa = PBXFileReference; explicitFileType = wrapper.application; includeInIndex = 0; path = MultiSection_SearchBar.app; sourceTree = BUILT_PRODUCTS_DIR; };
		40C5A9781DA89B870040BBD7 /* AppDelegate.swift */ = {isa = PBXFileReference; lastKnownFileType = sourcecode.swift; path = AppDelegate.swift; sourceTree = "<group>"; };
		40C5A97A1DA89B870040BBD7 /* ViewController.swift */ = {isa = PBXFileReference; lastKnownFileType = sourcecode.swift; path = ViewController.swift; sourceTree = "<group>"; };
		40C5A97D1DA89B870040BBD7 /* Base */ = {isa = PBXFileReference; lastKnownFileType = file.storyboard; name = Base; path = Base.lproj/Main.storyboard; sourceTree = "<group>"; };
		40C5A97F1DA89B870040BBD7 /* Assets.xcassets */ = {isa = PBXFileReference; lastKnownFileType = folder.assetcatalog; path = Assets.xcassets; sourceTree = "<group>"; };
		40C5A9821DA89B870040BBD7 /* Base */ = {isa = PBXFileReference; lastKnownFileType = file.storyboard; name = Base; path = Base.lproj/LaunchScreen.storyboard; sourceTree = "<group>"; };
		40C5A9841DA89B870040BBD7 /* Info.plist */ = {isa = PBXFileReference; lastKnownFileType = text.plist.xml; path = Info.plist; sourceTree = "<group>"; };
		40C5A98D1DA89D460040BBD7 /* CustomSearchView.swift */ = {isa = PBXFileReference; fileEncoding = 4; lastKnownFileType = sourcecode.swift; path = CustomSearchView.swift; sourceTree = "<group>"; };
		40C5A9911DA8CE090040BBD7 /* Constraint.swift */ = {isa = PBXFileReference; fileEncoding = 4; lastKnownFileType = sourcecode.swift; path = Constraint.swift; sourceTree = "<group>"; };
		40C5A9921DA8CE090040BBD7 /* ConstraintAttributes.swift */ = {isa = PBXFileReference; fileEncoding = 4; lastKnownFileType = sourcecode.swift; path = ConstraintAttributes.swift; sourceTree = "<group>"; };
		40C5A9931DA8CE090040BBD7 /* ConstraintConfig.swift */ = {isa = PBXFileReference; fileEncoding = 4; lastKnownFileType = sourcecode.swift; path = ConstraintConfig.swift; sourceTree = "<group>"; };
		40C5A9941DA8CE090040BBD7 /* ConstraintConstantTarget.swift */ = {isa = PBXFileReference; fileEncoding = 4; lastKnownFileType = sourcecode.swift; path = ConstraintConstantTarget.swift; sourceTree = "<group>"; };
		40C5A9951DA8CE090040BBD7 /* ConstraintDescription.swift */ = {isa = PBXFileReference; fileEncoding = 4; lastKnownFileType = sourcecode.swift; path = ConstraintDescription.swift; sourceTree = "<group>"; };
		40C5A9961DA8CE090040BBD7 /* ConstraintDSL.swift */ = {isa = PBXFileReference; fileEncoding = 4; lastKnownFileType = sourcecode.swift; path = ConstraintDSL.swift; sourceTree = "<group>"; };
		40C5A9971DA8CE090040BBD7 /* ConstraintInsets.swift */ = {isa = PBXFileReference; fileEncoding = 4; lastKnownFileType = sourcecode.swift; path = ConstraintInsets.swift; sourceTree = "<group>"; };
		40C5A9981DA8CE090040BBD7 /* ConstraintInsetTarget.swift */ = {isa = PBXFileReference; fileEncoding = 4; lastKnownFileType = sourcecode.swift; path = ConstraintInsetTarget.swift; sourceTree = "<group>"; };
		40C5A9991DA8CE090040BBD7 /* ConstraintItem.swift */ = {isa = PBXFileReference; fileEncoding = 4; lastKnownFileType = sourcecode.swift; path = ConstraintItem.swift; sourceTree = "<group>"; };
		40C5A99A1DA8CE090040BBD7 /* ConstraintLayoutGuide.swift */ = {isa = PBXFileReference; fileEncoding = 4; lastKnownFileType = sourcecode.swift; path = ConstraintLayoutGuide.swift; sourceTree = "<group>"; };
		40C5A99B1DA8CE090040BBD7 /* ConstraintLayoutGuideDSL.swift */ = {isa = PBXFileReference; fileEncoding = 4; lastKnownFileType = sourcecode.swift; path = ConstraintLayoutGuideDSL.swift; sourceTree = "<group>"; };
		40C5A99C1DA8CE090040BBD7 /* ConstraintLayoutSupport.swift */ = {isa = PBXFileReference; fileEncoding = 4; lastKnownFileType = sourcecode.swift; path = ConstraintLayoutSupport.swift; sourceTree = "<group>"; };
		40C5A99D1DA8CE090040BBD7 /* ConstraintLayoutSupportDSL.swift */ = {isa = PBXFileReference; fileEncoding = 4; lastKnownFileType = sourcecode.swift; path = ConstraintLayoutSupportDSL.swift; sourceTree = "<group>"; };
		40C5A99E1DA8CE090040BBD7 /* ConstraintMaker.swift */ = {isa = PBXFileReference; fileEncoding = 4; lastKnownFileType = sourcecode.swift; path = ConstraintMaker.swift; sourceTree = "<group>"; };
		40C5A99F1DA8CE090040BBD7 /* ConstraintMakerEditable.swift */ = {isa = PBXFileReference; fileEncoding = 4; lastKnownFileType = sourcecode.swift; path = ConstraintMakerEditable.swift; sourceTree = "<group>"; };
		40C5A9A01DA8CE090040BBD7 /* ConstraintMakerExtendable.swift */ = {isa = PBXFileReference; fileEncoding = 4; lastKnownFileType = sourcecode.swift; path = ConstraintMakerExtendable.swift; sourceTree = "<group>"; };
		40C5A9A11DA8CE090040BBD7 /* ConstraintMakerFinalizable.swift */ = {isa = PBXFileReference; fileEncoding = 4; lastKnownFileType = sourcecode.swift; path = ConstraintMakerFinalizable.swift; sourceTree = "<group>"; };
		40C5A9A21DA8CE090040BBD7 /* ConstraintMakerPriortizable.swift */ = {isa = PBXFileReference; fileEncoding = 4; lastKnownFileType = sourcecode.swift; path = ConstraintMakerPriortizable.swift; sourceTree = "<group>"; };
		40C5A9A31DA8CE090040BBD7 /* ConstraintMakerRelatable.swift */ = {isa = PBXFileReference; fileEncoding = 4; lastKnownFileType = sourcecode.swift; path = ConstraintMakerRelatable.swift; sourceTree = "<group>"; };
		40C5A9A41DA8CE090040BBD7 /* ConstraintMultiplierTarget.swift */ = {isa = PBXFileReference; fileEncoding = 4; lastKnownFileType = sourcecode.swift; path = ConstraintMultiplierTarget.swift; sourceTree = "<group>"; };
		40C5A9A51DA8CE090040BBD7 /* ConstraintOffsetTarget.swift */ = {isa = PBXFileReference; fileEncoding = 4; lastKnownFileType = sourcecode.swift; path = ConstraintOffsetTarget.swift; sourceTree = "<group>"; };
		40C5A9A61DA8CE090040BBD7 /* ConstraintPriorityTarget.swift */ = {isa = PBXFileReference; fileEncoding = 4; lastKnownFileType = sourcecode.swift; path = ConstraintPriorityTarget.swift; sourceTree = "<group>"; };
		40C5A9A71DA8CE090040BBD7 /* ConstraintRelatableTarget.swift */ = {isa = PBXFileReference; fileEncoding = 4; lastKnownFileType = sourcecode.swift; path = ConstraintRelatableTarget.swift; sourceTree = "<group>"; };
		40C5A9A81DA8CE090040BBD7 /* ConstraintRelation.swift */ = {isa = PBXFileReference; fileEncoding = 4; lastKnownFileType = sourcecode.swift; path = ConstraintRelation.swift; sourceTree = "<group>"; };
		40C5A9A91DA8CE090040BBD7 /* ConstraintView+Extensions.swift */ = {isa = PBXFileReference; fileEncoding = 4; lastKnownFileType = sourcecode.swift; path = "ConstraintView+Extensions.swift"; sourceTree = "<group>"; };
		40C5A9AA1DA8CE090040BBD7 /* ConstraintView.swift */ = {isa = PBXFileReference; fileEncoding = 4; lastKnownFileType = sourcecode.swift; path = ConstraintView.swift; sourceTree = "<group>"; };
		40C5A9AB1DA8CE090040BBD7 /* ConstraintViewDSL.swift */ = {isa = PBXFileReference; fileEncoding = 4; lastKnownFileType = sourcecode.swift; path = ConstraintViewDSL.swift; sourceTree = "<group>"; };
		40C5A9AC1DA8CE090040BBD7 /* Debugging.swift */ = {isa = PBXFileReference; fileEncoding = 4; lastKnownFileType = sourcecode.swift; path = Debugging.swift; sourceTree = "<group>"; };
		40C5A9AD1DA8CE090040BBD7 /* Info.plist */ = {isa = PBXFileReference; fileEncoding = 4; lastKnownFileType = text.plist.xml; path = Info.plist; sourceTree = "<group>"; };
		40C5A9AE1DA8CE090040BBD7 /* LayoutConstraint.swift */ = {isa = PBXFileReference; fileEncoding = 4; lastKnownFileType = sourcecode.swift; path = LayoutConstraint.swift; sourceTree = "<group>"; };
		40C5A9AF1DA8CE090040BBD7 /* SnapKit.h */ = {isa = PBXFileReference; fileEncoding = 4; lastKnownFileType = sourcecode.c.h; path = SnapKit.h; sourceTree = "<group>"; };
		40C5A9B01DA8CE090040BBD7 /* UILayoutGuide+Extensions.swift */ = {isa = PBXFileReference; fileEncoding = 4; lastKnownFileType = sourcecode.swift; path = "UILayoutGuide+Extensions.swift"; sourceTree = "<group>"; };
		40C5A9B11DA8CE090040BBD7 /* UILayoutSupport+Extensions.swift */ = {isa = PBXFileReference; fileEncoding = 4; lastKnownFileType = sourcecode.swift; path = "UILayoutSupport+Extensions.swift"; sourceTree = "<group>"; };
		40CC8EC91DAA1B9A003ECB1C /* searchBar@2x.png */ = {isa = PBXFileReference; lastKnownFileType = image.png; path = "searchBar@2x.png"; sourceTree = "<group>"; };
		40CC8ECA1DAA1B9A003ECB1C /* searchBar@3x.png */ = {isa = PBXFileReference; lastKnownFileType = image.png; path = "searchBar@3x.png"; sourceTree = "<group>"; };
/* End PBXFileReference section */

/* Begin PBXFrameworksBuildPhase section */
		40C5A9721DA89B870040BBD7 /* Frameworks */ = {
			isa = PBXFrameworksBuildPhase;
			buildActionMask = 2147483647;
			files = (
			);
			runOnlyForDeploymentPostprocessing = 0;
		};
/* End PBXFrameworksBuildPhase section */

/* Begin PBXGroup section */
		40C5A96C1DA89B870040BBD7 = {
			isa = PBXGroup;
			children = (
				40C5A9771DA89B870040BBD7 /* MultiSection_SearchBar */,
				40C5A9761DA89B870040BBD7 /* Products */,
			);
			sourceTree = "<group>";
		};
		40C5A9761DA89B870040BBD7 /* Products */ = {
			isa = PBXGroup;
			children = (
				40C5A9751DA89B870040BBD7 /* MultiSection_SearchBar.app */,
			);
			name = Products;
			sourceTree = "<group>";
		};
		40C5A9771DA89B870040BBD7 /* MultiSection_SearchBar */ = {
			isa = PBXGroup;
			children = (
				40C5A98F1DA89D4D0040BBD7 /* Class */,
				40C5A98C1DA89D070040BBD7 /* Other */,
			);
			name = MultiSection_SearchBar;
			path = MultiSelection_SearchBar;
			sourceTree = "<group>";
		};
		40C5A98C1DA89D070040BBD7 /* Other */ = {
			isa = PBXGroup;
			children = (
				40C5A9901DA8CE090040BBD7 /* SnapKit */,
				40C5A9781DA89B870040BBD7 /* AppDelegate.swift */,
				40C5A97A1DA89B870040BBD7 /* ViewController.swift */,
				40C5A97C1DA89B870040BBD7 /* Main.storyboard */,
				40C5A97F1DA89B870040BBD7 /* Assets.xcassets */,
				40C5A9811DA89B870040BBD7 /* LaunchScreen.storyboard */,
				40C5A9841DA89B870040BBD7 /* Info.plist */,
			);
			name = Other;
			sourceTree = "<group>";
		};
		40C5A98F1DA89D4D0040BBD7 /* Class */ = {
			isa = PBXGroup;
			children = (
				40CC8EC91DAA1B9A003ECB1C /* searchBar@2x.png */,
				40CC8ECA1DAA1B9A003ECB1C /* searchBar@3x.png */,
				40C5A98D1DA89D460040BBD7 /* CustomSearchView.swift */,
			);
			name = Class;
			sourceTree = "<group>";
		};
		40C5A9901DA8CE090040BBD7 /* SnapKit */ = {
			isa = PBXGroup;
			children = (
				40C5A9911DA8CE090040BBD7 /* Constraint.swift */,
				40C5A9921DA8CE090040BBD7 /* ConstraintAttributes.swift */,
				40C5A9931DA8CE090040BBD7 /* ConstraintConfig.swift */,
				40C5A9941DA8CE090040BBD7 /* ConstraintConstantTarget.swift */,
				40C5A9951DA8CE090040BBD7 /* ConstraintDescription.swift */,
				40C5A9961DA8CE090040BBD7 /* ConstraintDSL.swift */,
				40C5A9971DA8CE090040BBD7 /* ConstraintInsets.swift */,
				40C5A9981DA8CE090040BBD7 /* ConstraintInsetTarget.swift */,
				40C5A9991DA8CE090040BBD7 /* ConstraintItem.swift */,
				40C5A99A1DA8CE090040BBD7 /* ConstraintLayoutGuide.swift */,
				40C5A99B1DA8CE090040BBD7 /* ConstraintLayoutGuideDSL.swift */,
				40C5A99C1DA8CE090040BBD7 /* ConstraintLayoutSupport.swift */,
				40C5A99D1DA8CE090040BBD7 /* ConstraintLayoutSupportDSL.swift */,
				40C5A99E1DA8CE090040BBD7 /* ConstraintMaker.swift */,
				40C5A99F1DA8CE090040BBD7 /* ConstraintMakerEditable.swift */,
				40C5A9A01DA8CE090040BBD7 /* ConstraintMakerExtendable.swift */,
				40C5A9A11DA8CE090040BBD7 /* ConstraintMakerFinalizable.swift */,
				40C5A9A21DA8CE090040BBD7 /* ConstraintMakerPriortizable.swift */,
				40C5A9A31DA8CE090040BBD7 /* ConstraintMakerRelatable.swift */,
				40C5A9A41DA8CE090040BBD7 /* ConstraintMultiplierTarget.swift */,
				40C5A9A51DA8CE090040BBD7 /* ConstraintOffsetTarget.swift */,
				40C5A9A61DA8CE090040BBD7 /* ConstraintPriorityTarget.swift */,
				40C5A9A71DA8CE090040BBD7 /* ConstraintRelatableTarget.swift */,
				40C5A9A81DA8CE090040BBD7 /* ConstraintRelation.swift */,
				40C5A9A91DA8CE090040BBD7 /* ConstraintView+Extensions.swift */,
				40C5A9AA1DA8CE090040BBD7 /* ConstraintView.swift */,
				40C5A9AB1DA8CE090040BBD7 /* ConstraintViewDSL.swift */,
				40C5A9AC1DA8CE090040BBD7 /* Debugging.swift */,
				40C5A9AD1DA8CE090040BBD7 /* Info.plist */,
				40C5A9AE1DA8CE090040BBD7 /* LayoutConstraint.swift */,
				40C5A9AF1DA8CE090040BBD7 /* SnapKit.h */,
				40C5A9B01DA8CE090040BBD7 /* UILayoutGuide+Extensions.swift */,
				40C5A9B11DA8CE090040BBD7 /* UILayoutSupport+Extensions.swift */,
			);
			name = SnapKit;
			path = Source;
			sourceTree = "<group>";
		};
/* End PBXGroup section */

/* Begin PBXNativeTarget section */
		40C5A9741DA89B870040BBD7 /* MultiSection_SearchBar */ = {
			isa = PBXNativeTarget;
			buildConfigurationList = 40C5A9871DA89B870040BBD7 /* Build configuration list for PBXNativeTarget "MultiSection_SearchBar" */;
			buildPhases = (
				40C5A9711DA89B870040BBD7 /* Sources */,
				40C5A9721DA89B870040BBD7 /* Frameworks */,
				40C5A9731DA89B870040BBD7 /* Resources */,
			);
			buildRules = (
			);
			dependencies = (
			);
			name = MultiSection_SearchBar;
			productName = MultiSelection_SearchBar;
			productReference = 40C5A9751DA89B870040BBD7 /* MultiSection_SearchBar.app */;
			productType = "com.apple.product-type.application";
		};
/* End PBXNativeTarget section */

/* Begin PBXProject section */
		40C5A96D1DA89B870040BBD7 /* Project object */ = {
			isa = PBXProject;
			attributes = {
				LastSwiftUpdateCheck = 0800;
				LastUpgradeCheck = 0800;
				ORGANIZATIONNAME = Ned;
				TargetAttributes = {
					40C5A9741DA89B870040BBD7 = {
						CreatedOnToolsVersion = 8.0;
						DevelopmentTeam = DG237PBV6R;
						ProvisioningStyle = Automatic;
					};
				};
			};
			buildConfigurationList = 40C5A9701DA89B870040BBD7 /* Build configuration list for PBXProject "MultiSection_SearchBar" */;
			compatibilityVersion = "Xcode 3.2";
			developmentRegion = English;
			hasScannedForEncodings = 0;
			knownRegions = (
				en,
				Base,
			);
			mainGroup = 40C5A96C1DA89B870040BBD7;
			productRefGroup = 40C5A9761DA89B870040BBD7 /* Products */;
			projectDirPath = "";
			projectRoot = "";
			targets = (
				40C5A9741DA89B870040BBD7 /* MultiSection_SearchBar */,
			);
		};
/* End PBXProject section */

/* Begin PBXResourcesBuildPhase section */
		40C5A9731DA89B870040BBD7 /* Resources */ = {
			isa = PBXResourcesBuildPhase;
			buildActionMask = 2147483647;
			files = (
				40CC8ECB1DAA1B9A003ECB1C /* searchBar@2x.png in Resources */,
				40C5A9CE1DA8CE090040BBD7 /* Info.plist in Resources */,
				40CC8ECC1DAA1B9A003ECB1C /* searchBar@3x.png in Resources */,
				40C5A9831DA89B870040BBD7 /* LaunchScreen.storyboard in Resources */,
				40C5A9801DA89B870040BBD7 /* Assets.xcassets in Resources */,
				40C5A97E1DA89B870040BBD7 /* Main.storyboard in Resources */,
			);
			runOnlyForDeploymentPostprocessing = 0;
		};
/* End PBXResourcesBuildPhase section */

/* Begin PBXSourcesBuildPhase section */
		40C5A9711DA89B870040BBD7 /* Sources */ = {
			isa = PBXSourcesBuildPhase;
			buildActionMask = 2147483647;
			files = (
				40C5A9B21DA8CE090040BBD7 /* Constraint.swift in Sources */,
				40C5A9C91DA8CE090040BBD7 /* ConstraintRelation.swift in Sources */,
				40C5A9C11DA8CE090040BBD7 /* ConstraintMakerExtendable.swift in Sources */,
				40C5A9C21DA8CE090040BBD7 /* ConstraintMakerFinalizable.swift in Sources */,
				40C5A97B1DA89B870040BBD7 /* ViewController.swift in Sources */,
				40C5A9D01DA8CE090040BBD7 /* UILayoutGuide+Extensions.swift in Sources */,
				40C5A9C81DA8CE090040BBD7 /* ConstraintRelatableTarget.swift in Sources */,
				40C5A9B71DA8CE090040BBD7 /* ConstraintDSL.swift in Sources */,
				40C5A98E1DA89D460040BBD7 /* CustomSearchView.swift in Sources */,
				40C5A9C41DA8CE090040BBD7 /* ConstraintMakerRelatable.swift in Sources */,
				40C5A9B51DA8CE090040BBD7 /* ConstraintConstantTarget.swift in Sources */,
				40C5A9CB1DA8CE090040BBD7 /* ConstraintView.swift in Sources */,
				40C5A9CC1DA8CE090040BBD7 /* ConstraintViewDSL.swift in Sources */,
				40C5A9B31DA8CE090040BBD7 /* ConstraintAttributes.swift in Sources */,
				40C5A9B41DA8CE090040BBD7 /* ConstraintConfig.swift in Sources */,
				40C5A9C61DA8CE090040BBD7 /* ConstraintOffsetTarget.swift in Sources */,
				40C5A9BB1DA8CE090040BBD7 /* ConstraintLayoutGuide.swift in Sources */,
				40C5A9791DA89B870040BBD7 /* AppDelegate.swift in Sources */,
				40C5A9D11DA8CE090040BBD7 /* UILayoutSupport+Extensions.swift in Sources */,
				40C5A9C01DA8CE090040BBD7 /* ConstraintMakerEditable.swift in Sources */,
				40C5A9BF1DA8CE090040BBD7 /* ConstraintMaker.swift in Sources */,
				40C5A9B91DA8CE090040BBD7 /* ConstraintInsetTarget.swift in Sources */,
				40C5A9CF1DA8CE090040BBD7 /* LayoutConstraint.swift in Sources */,
				40C5A9C51DA8CE090040BBD7 /* ConstraintMultiplierTarget.swift in Sources */,
				40C5A9C71DA8CE090040BBD7 /* ConstraintPriorityTarget.swift in Sources */,
				40C5A9C31DA8CE090040BBD7 /* ConstraintMakerPriortizable.swift in Sources */,
				40C5A9CD1DA8CE090040BBD7 /* Debugging.swift in Sources */,
				40C5A9B81DA8CE090040BBD7 /* ConstraintInsets.swift in Sources */,
				40C5A9BC1DA8CE090040BBD7 /* ConstraintLayoutGuideDSL.swift in Sources */,
				40C5A9BE1DA8CE090040BBD7 /* ConstraintLayoutSupportDSL.swift in Sources */,
				40C5A9B61DA8CE090040BBD7 /* ConstraintDescription.swift in Sources */,
				40C5A9CA1DA8CE090040BBD7 /* ConstraintView+Extensions.swift in Sources */,
				40C5A9BD1DA8CE090040BBD7 /* ConstraintLayoutSupport.swift in Sources */,
				40C5A9BA1DA8CE090040BBD7 /* ConstraintItem.swift in Sources */,
			);
			runOnlyForDeploymentPostprocessing = 0;
		};
/* End PBXSourcesBuildPhase section */

/* Begin PBXVariantGroup section */
		40C5A97C1DA89B870040BBD7 /* Main.storyboard */ = {
			isa = PBXVariantGroup;
			children = (
				40C5A97D1DA89B870040BBD7 /* Base */,
			);
			name = Main.storyboard;
			sourceTree = "<group>";
		};
		40C5A9811DA89B870040BBD7 /* LaunchScreen.storyboard */ = {
			isa = PBXVariantGroup;
			children = (
				40C5A9821DA89B870040BBD7 /* Base */,
			);
			name = LaunchScreen.storyboard;
			sourceTree = "<group>";
		};
/* End PBXVariantGroup section */

/* Begin XCBuildConfiguration section */
		40C5A9851DA89B870040BBD7 /* Debug */ = {
			isa = XCBuildConfiguration;
			buildSettings = {
				ALWAYS_SEARCH_USER_PATHS = NO;
				CLANG_ANALYZER_NONNULL = YES;
				CLANG_CXX_LANGUAGE_STANDARD = "gnu++0x";
				CLANG_CXX_LIBRARY = "libc++";
				CLANG_ENABLE_MODULES = YES;
				CLANG_ENABLE_OBJC_ARC = YES;
				CLANG_WARN_BOOL_CONVERSION = YES;
				CLANG_WARN_CONSTANT_CONVERSION = YES;
				CLANG_WARN_DIRECT_OBJC_ISA_USAGE = YES_ERROR;
				CLANG_WARN_DOCUMENTATION_COMMENTS = YES;
				CLANG_WARN_EMPTY_BODY = YES;
				CLANG_WARN_ENUM_CONVERSION = YES;
				CLANG_WARN_INFINITE_RECURSION = YES;
				CLANG_WARN_INT_CONVERSION = YES;
				CLANG_WARN_OBJC_ROOT_CLASS = YES_ERROR;
				CLANG_WARN_SUSPICIOUS_MOVES = YES;
				CLANG_WARN_UNREACHABLE_CODE = YES;
				CLANG_WARN__DUPLICATE_METHOD_MATCH = YES;
				"CODE_SIGN_IDENTITY[sdk=iphoneos*]" = "iPhone Developer";
				COPY_PHASE_STRIP = NO;
				DEBUG_INFORMATION_FORMAT = dwarf;
				ENABLE_STRICT_OBJC_MSGSEND = YES;
				ENABLE_TESTABILITY = YES;
				GCC_C_LANGUAGE_STANDARD = gnu99;
				GCC_DYNAMIC_NO_PIC = NO;
				GCC_NO_COMMON_BLOCKS = YES;
				GCC_OPTIMIZATION_LEVEL = 0;
				GCC_PREPROCESSOR_DEFINITIONS = (
					"DEBUG=1",
					"$(inherited)",
				);
				GCC_WARN_64_TO_32_BIT_CONVERSION = YES;
				GCC_WARN_ABOUT_RETURN_TYPE = YES_ERROR;
				GCC_WARN_UNDECLARED_SELECTOR = YES;
				GCC_WARN_UNINITIALIZED_AUTOS = YES_AGGRESSIVE;
				GCC_WARN_UNUSED_FUNCTION = YES;
				GCC_WARN_UNUSED_VARIABLE = YES;
				IPHONEOS_DEPLOYMENT_TARGET = 10.0;
				MTL_ENABLE_DEBUG_INFO = YES;
				ONLY_ACTIVE_ARCH = YES;
				SDKROOT = iphoneos;
				SWIFT_ACTIVE_COMPILATION_CONDITIONS = DEBUG;
				SWIFT_OPTIMIZATION_LEVEL = "-Onone";
				TARGETED_DEVICE_FAMILY = "1,2";
			};
			name = Debug;
		};
		40C5A9861DA89B870040BBD7 /* Release */ = {
			isa = XCBuildConfiguration;
			buildSettings = {
				ALWAYS_SEARCH_USER_PATHS = NO;
				CLANG_ANALYZER_NONNULL = YES;
				CLANG_CXX_LANGUAGE_STANDARD = "gnu++0x";
				CLANG_CXX_LIBRARY = "libc++";
				CLANG_ENABLE_MODULES = YES;
				CLANG_ENABLE_OBJC_ARC = YES;
				CLANG_WARN_BOOL_CONVERSION = YES;
				CLANG_WARN_CONSTANT_CONVERSION = YES;
				CLANG_WARN_DIRECT_OBJC_ISA_USAGE = YES_ERROR;
				CLANG_WARN_DOCUMENTATION_COMMENTS = YES;
				CLANG_WARN_EMPTY_BODY = YES;
				CLANG_WARN_ENUM_CONVERSION = YES;
				CLANG_WARN_INFINITE_RECURSION = YES;
				CLANG_WARN_INT_CONVERSION = YES;
				CLANG_WARN_OBJC_ROOT_CLASS = YES_ERROR;
				CLANG_WARN_SUSPICIOUS_MOVES = YES;
				CLANG_WARN_UNREACHABLE_CODE = YES;
				CLANG_WARN__DUPLICATE_METHOD_MATCH = YES;
				"CODE_SIGN_IDENTITY[sdk=iphoneos*]" = "iPhone Developer";
				COPY_PHASE_STRIP = NO;
				DEBUG_INFORMATION_FORMAT = "dwarf-with-dsym";
				ENABLE_NS_ASSERTIONS = NO;
				ENABLE_STRICT_OBJC_MSGSEND = YES;
				GCC_C_LANGUAGE_STANDARD = gnu99;
				GCC_NO_COMMON_BLOCKS = YES;
				GCC_WARN_64_TO_32_BIT_CONVERSION = YES;
				GCC_WARN_ABOUT_RETURN_TYPE = YES_ERROR;
				GCC_WARN_UNDECLARED_SELECTOR = YES;
				GCC_WARN_UNINITIALIZED_AUTOS = YES_AGGRESSIVE;
				GCC_WARN_UNUSED_FUNCTION = YES;
				GCC_WARN_UNUSED_VARIABLE = YES;
				IPHONEOS_DEPLOYMENT_TARGET = 10.0;
				MTL_ENABLE_DEBUG_INFO = NO;
				SDKROOT = iphoneos;
				SWIFT_OPTIMIZATION_LEVEL = "-Owholemodule";
				TARGETED_DEVICE_FAMILY = "1,2";
				VALIDATE_PRODUCT = YES;
			};
			name = Release;
		};
		40C5A9881DA89B870040BBD7 /* Debug */ = {
			isa = XCBuildConfiguration;
			buildSettings = {
				ASSETCATALOG_COMPILER_APPICON_NAME = AppIcon;
				DEVELOPMENT_TEAM = DG237PBV6R;
				INFOPLIST_FILE = MultiSelection_SearchBar/Info.plist;
				LD_RUNPATH_SEARCH_PATHS = "$(inherited) @executable_path/Frameworks";
				PRODUCT_BUNDLE_IDENTIFIER = "com.Ned.MultiSection-SearchBar";
				PRODUCT_NAME = "$(TARGET_NAME)";
				SWIFT_VERSION = 3.0;
			};
			name = Debug;
		};
		40C5A9891DA89B870040BBD7 /* Release */ = {
			isa = XCBuildConfiguration;
			buildSettings = {
				ASSETCATALOG_COMPILER_APPICON_NAME = AppIcon;
				DEVELOPMENT_TEAM = DG237PBV6R;
				INFOPLIST_FILE = MultiSelection_SearchBar/Info.plist;
				LD_RUNPATH_SEARCH_PATHS = "$(inherited) @executable_path/Frameworks";
				PRODUCT_BUNDLE_IDENTIFIER = "com.Ned.MultiSection-SearchBar";
				PRODUCT_NAME = "$(TARGET_NAME)";
				SWIFT_VERSION = 3.0;
			};
			name = Release;
		};
/* End XCBuildConfiguration section */

/* Begin XCConfigurationList section */
		40C5A9701DA89B870040BBD7 /* Build configuration list for PBXProject "MultiSection_SearchBar" */ = {
			isa = XCConfigurationList;
			buildConfigurations = (
				40C5A9851DA89B870040BBD7 /* Debug */,
				40C5A9861DA89B870040BBD7 /* Release */,
			);
			defaultConfigurationIsVisible = 0;
			defaultConfigurationName = Release;
		};
		40C5A9871DA89B870040BBD7 /* Build configuration list for PBXNativeTarget "MultiSection_SearchBar" */ = {
			isa = XCConfigurationList;
			buildConfigurations = (
				40C5A9881DA89B870040BBD7 /* Debug */,
				40C5A9891DA89B870040BBD7 /* Release */,
			);
			defaultConfigurationIsVisible = 0;
			defaultConfigurationName = Release;
		};
/* End XCConfigurationList section */
	};
	rootObject = 40C5A96D1DA89B870040BBD7 /* Project object */;
}
